
Microsoft Visual Studio Solution File, Format Version 12.00
# Visual Studio Version 17
VisualStudioVersion = 17.0.31903.59
MinimumVisualStudioVersion = 10.0.40219.1
Project("{2150E333-8FDC-42A3-9474-1A3956D46DE8}") = "build", "build", "{C0649FBB-62AC-42E0-BE12-3D7C3FB17DA7}"
	ProjectSection(SolutionItems) = preProject
		build\common.props = build\common.props
		build\version.props = build\version.props
	EndProjectSection
EndProject
Project("{2150E333-8FDC-42A3-9474-1A3956D46DE8}") = "src", "src", "{BA2FA4CC-D872-425B-9FC5-82CBA38C0332}"
EndProject
Project("{9A19103F-16F7-4668-BE54-9A1E7A4F7556}") = "01-Util.Generators.Templates.Helpers", "src\Util.Generators.Templates.Helpers\01-Util.Generators.Templates.Helpers.csproj", "{25358313-77AF-41A8-B08F-F6B108D106A6}"
EndProject
Project("{9A19103F-16F7-4668-BE54-9A1E7A4F7556}") = "02-Util.Generators.Templates.Base", "src\Util.Generators.Templates.Base\02-Util.Generators.Templates.Base.csproj", "{37EDBFA3-05CF-4CD7-A654-38626A467D0E}"
EndProject
Project("{9A19103F-16F7-4668-BE54-9A1E7A4F7556}") = "12-Util.Generators.Console", "src\Util.Generators.Console\12-Util.Generators.Console.csproj", "{06A48671-E3EB-455C-812F-4EF61FBC10BD}"
EndProject
Project("{9A19103F-16F7-4668-BE54-9A1E7A4F7556}") = "03-Util.Generators.Templates.Domain", "src\Util.Generators.Templates.Domain\03-Util.Generators.Templates.Domain.csproj", "{9DB87618-E14B-48EE-937E-C2F6BAA1A517}"
EndProject
Project("{9A19103F-16F7-4668-BE54-9A1E7A4F7556}") = "04-Util.Generators.Templates.Application", "src\Util.Generators.Templates.Application\04-Util.Generators.Templates.Application.csproj", "{DEDD0F5D-0DC1-4661-B0B9-F7649E4967C7}"
EndProject
Project("{9A19103F-16F7-4668-BE54-9A1E7A4F7556}") = "05-Util.Generators.Templates.Data.EntityFrameworkCore", "src\Util.Generators.Templates.Data.EntityFrameworkCore\05-Util.Generators.Templates.Data.EntityFrameworkCore.csproj", "{313248BD-4B2D-4E39-9B9F-C8E54CDB40B6}"
EndProject
Project("{9A19103F-16F7-4668-BE54-9A1E7A4F7556}") = "06-Util.Generators.Templates.Data.EntityFrameworkCore.SqlServer", "src\Util.Generators.Templates.Data.EntityFrameworkCore.SqlServer\06-Util.Generators.Templates.Data.EntityFrameworkCore.SqlServer.csproj", "{7AD21ACC-A61A-4874-ABFB-79CE3755F086}"
EndProject
Project("{9A19103F-16F7-4668-BE54-9A1E7A4F7556}") = "07-Util.Generators.Templates.Data.EntityFrameworkCore.PostgreSql", "src\Util.Generators.Templates.Data.EntityFrameworkCore.PostgreSql\07-Util.Generators.Templates.Data.EntityFrameworkCore.PostgreSql.csproj", "{86DAE749-5834-42F6-8C61-A5049BB9399D}"
EndProject
Project("{9A19103F-16F7-4668-BE54-9A1E7A4F7556}") = "08-Util.Generators.Templates.Data.EntityFrameworkCore.MySql", "src\Util.Generators.Templates.Data.EntityFrameworkCore.MySql\08-Util.Generators.Templates.Data.EntityFrameworkCore.MySql.csproj", "{CF03CB44-C457-47BE-80A7-7CCDDDC796E4}"
EndProject
Project("{9A19103F-16F7-4668-BE54-9A1E7A4F7556}") = "11-Util.Generators.Templates.Ui.NgZorro", "src\Util.Generators.Templates.Ui.NgZorro\11-Util.Generators.Templates.Ui.NgZorro.csproj", "{5DF5DD60-18B5-448C-805E-CDC135569336}"
EndProject
Project("{9A19103F-16F7-4668-BE54-9A1E7A4F7556}") = "09-Util.Generators.Templates.Data.EntityFrameworkCore.Sqlite", "src\Util.Generators.Templates.Data.EntityFrameworkCore.Sqlite\09-Util.Generators.Templates.Data.EntityFrameworkCore.Sqlite.csproj", "{66E69A07-0C60-4260-873E-4D33E3F33FE1}"
EndProject
Project("{9A19103F-16F7-4668-BE54-9A1E7A4F7556}") = "10-Util.Generators.Templates.Data.EntityFrameworkCore.Oracle", "src\Util.Generators.Templates.Data.EntityFrameworkCore.Oracle\10-Util.Generators.Templates.Data.EntityFrameworkCore.Oracle.csproj", "{40EE46F8-087E-49CF-A815-E1E489B14E30}"
EndProject
Global
	GlobalSection(SolutionConfigurationPlatforms) = preSolution
		Debug|Any CPU = Debug|Any CPU
		Release|Any CPU = Release|Any CPU
	EndGlobalSection
	GlobalSection(ProjectConfigurationPlatforms) = postSolution
		{25358313-77AF-41A8-B08F-F6B108D106A6}.Debug|Any CPU.ActiveCfg = Debug|Any CPU
		{25358313-77AF-41A8-B08F-F6B108D106A6}.Debug|Any CPU.Build.0 = Debug|Any CPU
		{25358313-77AF-41A8-B08F-F6B108D106A6}.Release|Any CPU.ActiveCfg = Release|Any CPU
		{25358313-77AF-41A8-B08F-F6B108D106A6}.Release|Any CPU.Build.0 = Release|Any CPU
		{37EDBFA3-05CF-4CD7-A654-38626A467D0E}.Debug|Any CPU.ActiveCfg = Debug|Any CPU
		{37EDBFA3-05CF-4CD7-A654-38626A467D0E}.Debug|Any CPU.Build.0 = Debug|Any CPU
		{37EDBFA3-05CF-4CD7-A654-38626A467D0E}.Release|Any CPU.ActiveCfg = Release|Any CPU
		{37EDBFA3-05CF-4CD7-A654-38626A467D0E}.Release|Any CPU.Build.0 = Release|Any CPU
		{06A48671-E3EB-455C-812F-4EF61FBC10BD}.Debug|Any CPU.ActiveCfg = Debug|Any CPU
		{06A48671-E3EB-455C-812F-4EF61FBC10BD}.Debug|Any CPU.Build.0 = Debug|Any CPU
		{06A48671-E3EB-455C-812F-4EF61FBC10BD}.Release|Any CPU.ActiveCfg = Release|Any CPU
		{06A48671-E3EB-455C-812F-4EF61FBC10BD}.Release|Any CPU.Build.0 = Release|Any CPU
		{9DB87618-E14B-48EE-937E-C2F6BAA1A517}.Debug|Any CPU.ActiveCfg = Debug|Any CPU
		{9DB87618-E14B-48EE-937E-C2F6BAA1A517}.Debug|Any CPU.Build.0 = Debug|Any CPU
		{9DB87618-E14B-48EE-937E-C2F6BAA1A517}.Release|Any CPU.ActiveCfg = Release|Any CPU
		{9DB87618-E14B-48EE-937E-C2F6BAA1A517}.Release|Any CPU.Build.0 = Release|Any CPU
		{DEDD0F5D-0DC1-4661-B0B9-F7649E4967C7}.Debug|Any CPU.ActiveCfg = Debug|Any CPU
		{DEDD0F5D-0DC1-4661-B0B9-F7649E4967C7}.Debug|Any CPU.Build.0 = Debug|Any CPU
		{DEDD0F5D-0DC1-4661-B0B9-F7649E4967C7}.Release|Any CPU.ActiveCfg = Release|Any CPU
		{DEDD0F5D-0DC1-4661-B0B9-F7649E4967C7}.Release|Any CPU.Build.0 = Release|Any CPU
		{313248BD-4B2D-4E39-9B9F-C8E54CDB40B6}.Debug|Any CPU.ActiveCfg = Debug|Any CPU
		{313248BD-4B2D-4E39-9B9F-C8E54CDB40B6}.Debug|Any CPU.Build.0 = Debug|Any CPU
		{313248BD-4B2D-4E39-9B9F-C8E54CDB40B6}.Release|Any CPU.ActiveCfg = Release|Any CPU
		{313248BD-4B2D-4E39-9B9F-C8E54CDB40B6}.Release|Any CPU.Build.0 = Release|Any CPU
		{7AD21ACC-A61A-4874-ABFB-79CE3755F086}.Debug|Any CPU.ActiveCfg = Debug|Any CPU
		{7AD21ACC-A61A-4874-ABFB-79CE3755F086}.Debug|Any CPU.Build.0 = Debug|Any CPU
		{7AD21ACC-A61A-4874-ABFB-79CE3755F086}.Release|Any CPU.ActiveCfg = Release|Any CPU
		{7AD21ACC-A61A-4874-ABFB-79CE3755F086}.Release|Any CPU.Build.0 = Release|Any CPU
		{86DAE749-5834-42F6-8C61-A5049BB9399D}.Debug|Any CPU.ActiveCfg = Debug|Any CPU
		{86DAE749-5834-42F6-8C61-A5049BB9399D}.Debug|Any CPU.Build.0 = Debug|Any CPU
		{86DAE749-5834-42F6-8C61-A5049BB9399D}.Release|Any CPU.ActiveCfg = Release|Any CPU
		{86DAE749-5834-42F6-8C61-A5049BB9399D}.Release|Any CPU.Build.0 = Release|Any CPU
		{CF03CB44-C457-47BE-80A7-7CCDDDC796E4}.Debug|Any CPU.ActiveCfg = Debug|Any CPU
		{CF03CB44-C457-47BE-80A7-7CCDDDC796E4}.Debug|Any CPU.Build.0 = Debug|Any CPU
		{CF03CB44-C457-47BE-80A7-7CCDDDC796E4}.Release|Any CPU.ActiveCfg = Release|Any CPU
		{CF03CB44-C457-47BE-80A7-7CCDDDC796E4}.Release|Any CPU.Build.0 = Release|Any CPU
		{5DF5DD60-18B5-448C-805E-CDC135569336}.Debug|Any CPU.ActiveCfg = Debug|Any CPU
		{5DF5DD60-18B5-448C-805E-CDC135569336}.Debug|Any CPU.Build.0 = Debug|Any CPU
		{5DF5DD60-18B5-448C-805E-CDC135569336}.Release|Any CPU.ActiveCfg = Release|Any CPU
		{5DF5DD60-18B5-448C-805E-CDC135569336}.Release|Any CPU.Build.0 = Release|Any CPU
		{66E69A07-0C60-4260-873E-4D33E3F33FE1}.Debug|Any CPU.ActiveCfg = Debug|Any CPU
		{66E69A07-0C60-4260-873E-4D33E3F33FE1}.Debug|Any CPU.Build.0 = Debug|Any CPU
		{66E69A07-0C60-4260-873E-4D33E3F33FE1}.Release|Any CPU.ActiveCfg = Release|Any CPU
		{66E69A07-0C60-4260-873E-4D33E3F33FE1}.Release|Any CPU.Build.0 = Release|Any CPU
		{40EE46F8-087E-49CF-A815-E1E489B14E30}.Debug|Any CPU.ActiveCfg = Debug|Any CPU
		{40EE46F8-087E-49CF-A815-E1E489B14E30}.Debug|Any CPU.Build.0 = Debug|Any CPU
		{40EE46F8-087E-49CF-A815-E1E489B14E30}.Release|Any CPU.ActiveCfg = Release|Any CPU
		{40EE46F8-087E-49CF-A815-E1E489B14E30}.Release|Any CPU.Build.0 = Release|Any CPU
	EndGlobalSection
	GlobalSection(SolutionProperties) = preSolution
		HideSolutionNode = FALSE
	EndGlobalSection
	GlobalSection(NestedProjects) = preSolution
		{25358313-77AF-41A8-B08F-F6B108D106A6} = {BA2FA4CC-D872-425B-9FC5-82CBA38C0332}
		{37EDBFA3-05CF-4CD7-A654-38626A467D0E} = {BA2FA4CC-D872-425B-9FC5-82CBA38C0332}
		{06A48671-E3EB-455C-812F-4EF61FBC10BD} = {BA2FA4CC-D872-425B-9FC5-82CBA38C0332}
		{9DB87618-E14B-48EE-937E-C2F6BAA1A517} = {BA2FA4CC-D872-425B-9FC5-82CBA38C0332}
		{DEDD0F5D-0DC1-4661-B0B9-F7649E4967C7} = {BA2FA4CC-D872-425B-9FC5-82CBA38C0332}
		{313248BD-4B2D-4E39-9B9F-C8E54CDB40B6} = {BA2FA4CC-D872-425B-9FC5-82CBA38C0332}
		{7AD21ACC-A61A-4874-ABFB-79CE3755F086} = {BA2FA4CC-D872-425B-9FC5-82CBA38C0332}
		{86DAE749-5834-42F6-8C61-A5049BB9399D} = {BA2FA4CC-D872-425B-9FC5-82CBA38C0332}
		{CF03CB44-C457-47BE-80A7-7CCDDDC796E4} = {BA2FA4CC-D872-425B-9FC5-82CBA38C0332}
		{5DF5DD60-18B5-448C-805E-CDC135569336} = {BA2FA4CC-D872-425B-9FC5-82CBA38C0332}
		{66E69A07-0C60-4260-873E-4D33E3F33FE1} = {BA2FA4CC-D872-425B-9FC5-82CBA38C0332}
		{40EE46F8-087E-49CF-A815-E1E489B14E30} = {BA2FA4CC-D872-425B-9FC5-82CBA38C0332}
	EndGlobalSection
	GlobalSection(ExtensibilityGlobals) = postSolution
		SolutionGuid = {DA992230-B07D-4D53-97D1-E4A82286E719}
	EndGlobalSection
EndGlobal
